// !$*UTF8*$!
{
	archiveVersion = 1;
	classes = {
	};
	objectVersion = 56;
	objects = {

/* Begin PBXBuildFile section */
		57AABA432A13EF1300801CC5 /* Moon.swift in Sources */ = {isa = PBXBuildFile; fileRef = 57AABA422A13EF1300801CC5 /* Moon.swift */; };
		57AABA472A14C3D800801CC5 /* locationManager.swift in Sources */ = {isa = PBXBuildFile; fileRef = 57AABA462A14C3D800801CC5 /* locationManager.swift */; };
		57AABA492A14C7D800801CC5 /* ARView.swift in Sources */ = {isa = PBXBuildFile; fileRef = 57AABA482A14C7D800801CC5 /* ARView.swift */; };
		57AABA4D2A17625500801CC5 /* MoonHelper.swift in Sources */ = {isa = PBXBuildFile; fileRef = 57AABA4C2A17625500801CC5 /* MoonHelper.swift */; };
		57AABA752A1CB1BC00801CC5 /* urlManager.swift in Sources */ = {isa = PBXBuildFile; fileRef = 57AABA742A1CB1BC00801CC5 /* urlManager.swift */; };
		57AABA772A1CB5B000801CC5 /* K.swift in Sources */ = {isa = PBXBuildFile; fileRef = 57AABA762A1CB5B000801CC5 /* K.swift */; };
		57D21BA02A037D0E00041D2E /* AppDelegate.swift in Sources */ = {isa = PBXBuildFile; fileRef = 57D21B9F2A037D0E00041D2E /* AppDelegate.swift */; };
		57D21BA22A037D0E00041D2E /* ContentView.swift in Sources */ = {isa = PBXBuildFile; fileRef = 57D21BA12A037D0E00041D2E /* ContentView.swift */; };
		57D21BA42A037D0E00041D2E /* Experience.rcproject in Sources */ = {isa = PBXBuildFile; fileRef = 57D21BA32A037D0E00041D2E /* Experience.rcproject */; };
		57D21BA62A037D1100041D2E /* Assets.xcassets in Resources */ = {isa = PBXBuildFile; fileRef = 57D21BA52A037D1100041D2E /* Assets.xcassets */; };
		57D21BA92A037D1100041D2E /* Preview Assets.xcassets in Resources */ = {isa = PBXBuildFile; fileRef = 57D21BA82A037D1100041D2E /* Preview Assets.xcassets */; };
/* End PBXBuildFile section */

/* Begin PBXFileReference section */
		57AABA422A13EF1300801CC5 /* Moon.swift */ = {isa = PBXFileReference; lastKnownFileType = sourcecode.swift; path = Moon.swift; sourceTree = "<group>"; };
		57AABA462A14C3D800801CC5 /* locationManager.swift */ = {isa = PBXFileReference; lastKnownFileType = sourcecode.swift; path = locationManager.swift; sourceTree = "<group>"; };
		57AABA482A14C7D800801CC5 /* ARView.swift */ = {isa = PBXFileReference; lastKnownFileType = sourcecode.swift; path = ARView.swift; sourceTree = "<group>"; };
		57AABA4C2A17625500801CC5 /* MoonHelper.swift */ = {isa = PBXFileReference; lastKnownFileType = sourcecode.swift; path = MoonHelper.swift; sourceTree = "<group>"; };
		57AABA742A1CB1BC00801CC5 /* urlManager.swift */ = {isa = PBXFileReference; lastKnownFileType = sourcecode.swift; path = urlManager.swift; sourceTree = "<group>"; };
		57AABA762A1CB5B000801CC5 /* K.swift */ = {isa = PBXFileReference; lastKnownFileType = sourcecode.swift; path = K.swift; sourceTree = "<group>"; };
		57C1A5D32A1DD30B00F86B61 /* Info.plist */ = {isa = PBXFileReference; lastKnownFileType = text.plist; path = Info.plist; sourceTree = "<group>"; };
		57D21B9C2A037D0E00041D2E /* arTest.app */ = {isa = PBXFileReference; explicitFileType = wrapper.application; includeInIndex = 0; path = arTest.app; sourceTree = BUILT_PRODUCTS_DIR; };
		57D21B9F2A037D0E00041D2E /* AppDelegate.swift */ = {isa = PBXFileReference; lastKnownFileType = sourcecode.swift; path = AppDelegate.swift; sourceTree = "<group>"; };
		57D21BA12A037D0E00041D2E /* ContentView.swift */ = {isa = PBXFileReference; lastKnownFileType = sourcecode.swift; path = ContentView.swift; sourceTree = "<group>"; };
		57D21BA32A037D0E00041D2E /* Experience.rcproject */ = {isa = PBXFileReference; lastKnownFileType = file.rcproject; path = Experience.rcproject; sourceTree = "<group>"; };
		57D21BA52A037D1100041D2E /* Assets.xcassets */ = {isa = PBXFileReference; lastKnownFileType = folder.assetcatalog; path = Assets.xcassets; sourceTree = "<group>"; };
		57D21BA82A037D1100041D2E /* Preview Assets.xcassets */ = {isa = PBXFileReference; lastKnownFileType = folder.assetcatalog; path = "Preview Assets.xcassets"; sourceTree = "<group>"; };
/* End PBXFileReference section */

/* Begin PBXFrameworksBuildPhase section */
		57D21B992A037D0E00041D2E /* Frameworks */ = {
			isa = PBXFrameworksBuildPhase;
			buildActionMask = 2147483647;
			files = (
			);
			runOnlyForDeploymentPostprocessing = 0;
		};
/* End PBXFrameworksBuildPhase section */

/* Begin PBXGroup section */
		57D21B932A037D0E00041D2E = {
			isa = PBXGroup;
			children = (
				57D21B9E2A037D0E00041D2E /* arTest */,
				57D21B9D2A037D0E00041D2E /* Products */,
			);
			sourceTree = "<group>";
		};
		57D21B9D2A037D0E00041D2E /* Products */ = {
			isa = PBXGroup;
			children = (
				57D21B9C2A037D0E00041D2E /* arTest.app */,
			);
			name = Products;
			sourceTree = "<group>";
		};
		57D21B9E2A037D0E00041D2E /* arTest */ = {
			isa = PBXGroup;
			children = (
				57C1A5D32A1DD30B00F86B61 /* Info.plist */,
				57D21B9F2A037D0E00041D2E /* AppDelegate.swift */,
				57D21BA12A037D0E00041D2E /* ContentView.swift */,
				57AABA482A14C7D800801CC5 /* ARView.swift */,
				57D21BA32A037D0E00041D2E /* Experience.rcproject */,
				57D21BA52A037D1100041D2E /* Assets.xcassets */,
				57D21BA72A037D1100041D2E /* Preview Content */,
				57AABA422A13EF1300801CC5 /* Moon.swift */,
				57AABA4C2A17625500801CC5 /* MoonHelper.swift */,
				57AABA462A14C3D800801CC5 /* locationManager.swift */,
				57AABA742A1CB1BC00801CC5 /* urlManager.swift */,
				57AABA762A1CB5B000801CC5 /* K.swift */,
			);
			path = arTest;
			sourceTree = "<group>";
		};
		57D21BA72A037D1100041D2E /* Preview Content */ = {
			isa = PBXGroup;
			children = (
				57D21BA82A037D1100041D2E /* Preview Assets.xcassets */,
			);
			path = "Preview Content";
			sourceTree = "<group>";
		};
/* End PBXGroup section */

/* Begin PBXNativeTarget section */
		57D21B9B2A037D0E00041D2E /* arTest */ = {
			isa = PBXNativeTarget;
			buildConfigurationList = 57D21BAC2A037D1100041D2E /* Build configuration list for PBXNativeTarget "arTest" */;
			buildPhases = (
				57D21B982A037D0E00041D2E /* Sources */,
				57D21B992A037D0E00041D2E /* Frameworks */,
				57D21B9A2A037D0E00041D2E /* Resources */,
			);
			buildRules = (
			);
			dependencies = (
			);
			name = arTest;
			productName = arTest;
			productReference = 57D21B9C2A037D0E00041D2E /* arTest.app */;
			productType = "com.apple.product-type.application";
		};
/* End PBXNativeTarget section */

/* Begin PBXProject section */
		57D21B942A037D0E00041D2E /* Project object */ = {
			isa = PBXProject;
			attributes = {
				BuildIndependentTargetsInParallel = 1;
				LastSwiftUpdateCheck = 1430;
				LastUpgradeCheck = 1430;
				TargetAttributes = {
					57D21B9B2A037D0E00041D2E = {
						CreatedOnToolsVersion = 14.3;
					};
				};
			};
			buildConfigurationList = 57D21B972A037D0E00041D2E /* Build configuration list for PBXProject "arTest" */;
			compatibilityVersion = "Xcode 14.0";
			developmentRegion = en;
			hasScannedForEncodings = 0;
			knownRegions = (
				en,
				Base,
			);
			mainGroup = 57D21B932A037D0E00041D2E;
			productRefGroup = 57D21B9D2A037D0E00041D2E /* Products */;
			projectDirPath = "";
			projectRoot = "";
			targets = (
				57D21B9B2A037D0E00041D2E /* arTest */,
			);
		};
/* End PBXProject section */

/* Begin PBXResourcesBuildPhase section */
		57D21B9A2A037D0E00041D2E /* Resources */ = {
			isa = PBXResourcesBuildPhase;
			buildActionMask = 2147483647;
			files = (
				57D21BA92A037D1100041D2E /* Preview Assets.xcassets in Resources */,
				57D21BA62A037D1100041D2E /* Assets.xcassets in Resources */,
			);
			runOnlyForDeploymentPostprocessing = 0;
		};
/* End PBXResourcesBuildPhase section */

/* Begin PBXSourcesBuildPhase section */
		57D21B982A037D0E00041D2E /* Sources */ = {
			isa = PBXSourcesBuildPhase;
			buildActionMask = 2147483647;
			files = (
				57AABA472A14C3D800801CC5 /* locationManager.swift in Sources */,
				57AABA772A1CB5B000801CC5 /* K.swift in Sources */,
				57AABA432A13EF1300801CC5 /* Moon.swift in Sources */,
				57AABA752A1CB1BC00801CC5 /* urlManager.swift in Sources */,
				57D21BA22A037D0E00041D2E /* ContentView.swift in Sources */,
				57AABA4D2A17625500801CC5 /* MoonHelper.swift in Sources */,
				57D21BA02A037D0E00041D2E /* AppDelegate.swift in Sources */,
				57D21BA42A037D0E00041D2E /* Experience.rcproject in Sources */,
				57AABA492A14C7D800801CC5 /* ARView.swift in Sources */,
			);
			runOnlyForDeploymentPostprocessing = 0;
		};
/* End PBXSourcesBuildPhase section */

/* Begin XCBuildConfiguration section */
		57D21BAA2A037D1100041D2E /* Debug */ = {
			isa = XCBuildConfiguration;
			buildSettings = {
				ALWAYS_SEARCH_USER_PATHS = NO;
				CLANG_ANALYZER_NONNULL = YES;
				CLANG_ANALYZER_NUMBER_OBJECT_CONVERSION = YES_AGGRESSIVE;
				CLANG_CXX_LANGUAGE_STANDARD = "gnu++20";
				CLANG_ENABLE_MODULES = YES;
				CLANG_ENABLE_OBJC_ARC = YES;
				CLANG_ENABLE_OBJC_WEAK = YES;
				CLANG_WARN_BLOCK_CAPTURE_AUTORELEASING = YES;
				CLANG_WARN_BOOL_CONVERSION = YES;
				CLANG_WARN_COMMA = YES;
				CLANG_WARN_CONSTANT_CONVERSION = YES;
				CLANG_WARN_DEPRECATED_OBJC_IMPLEMENTATIONS = YES;
				CLANG_WARN_DIRECT_OBJC_ISA_USAGE = YES_ERROR;
				CLANG_WARN_DOCUMENTATION_COMMENTS = YES;
				CLANG_WARN_EMPTY_BODY = YES;
				CLANG_WARN_ENUM_CONVERSION = YES;
				CLANG_WARN_INFINITE_RECURSION = YES;
				CLANG_WARN_INT_CONVERSION = YES;
				CLANG_WARN_NON_LITERAL_NULL_CONVERSION = YES;
				CLANG_WARN_OBJC_IMPLICIT_RETAIN_SELF = YES;
				CLANG_WARN_OBJC_LITERAL_CONVERSION = YES;
				CLANG_WARN_OBJC_ROOT_CLASS = YES_ERROR;
				CLANG_WARN_QUOTED_INCLUDE_IN_FRAMEWORK_HEADER = YES;
				CLANG_WARN_RANGE_LOOP_ANALYSIS = YES;
				CLANG_WARN_STRICT_PROTOTYPES = YES;
				CLANG_WARN_SUSPICIOUS_MOVE = YES;
				CLANG_WARN_UNGUARDED_AVAILABILITY = YES_AGGRESSIVE;
				CLANG_WARN_UNREACHABLE_CODE = YES;
				CLANG_WARN__DUPLICATE_METHOD_MATCH = YES;
				COPY_PHASE_STRIP = NO;
				DEBUG_INFORMATION_FORMAT = dwarf;
				ENABLE_STRICT_OBJC_MSGSEND = YES;
				ENABLE_TESTABILITY = YES;
				GCC_C_LANGUAGE_STANDARD = gnu11;
				GCC_DYNAMIC_NO_PIC = NO;
				GCC_NO_COMMON_BLOCKS = YES;
				GCC_OPTIMIZATION_LEVEL = 0;
				GCC_PREPROCESSOR_DEFINITIONS = (
					"DEBUG=1",
					"$(inherited)",
				);
				GCC_WARN_64_TO_32_BIT_CONVERSION = YES;
				GCC_WARN_ABOUT_RETURN_TYPE = YES_ERROR;
				GCC_WARN_UNDECLARED_SELECTOR = YES;
				GCC_WARN_UNINITIALIZED_AUTOS = YES_AGGRESSIVE;
				GCC_WARN_UNUSED_FUNCTION = YES;
				GCC_WARN_UNUSED_VARIABLE = YES;
				IPHONEOS_DEPLOYMENT_TARGET = 16.4;
				MTL_ENABLE_DEBUG_INFO = INCLUDE_SOURCE;
				MTL_FAST_MATH = YES;
				ONLY_ACTIVE_ARCH = YES;
				SDKROOT = iphoneos;
				SWIFT_ACTIVE_COMPILATION_CONDITIONS = DEBUG;
				SWIFT_OPTIMIZATION_LEVEL = "-Onone";
			};
			name = Debug;
		};
		57D21BAB2A037D1100041D2E /* Release */ = {
			isa = XCBuildConfiguration;
			buildSettings = {
				ALWAYS_SEARCH_USER_PATHS = NO;
				CLANG_ANALYZER_NONNULL = YES;
				CLANG_ANALYZER_NUMBER_OBJECT_CONVERSION = YES_AGGRESSIVE;
				CLANG_CXX_LANGUAGE_STANDARD = "gnu++20";
				CLANG_ENABLE_MODULES = YES;
				CLANG_ENABLE_OBJC_ARC = YES;
				CLANG_ENABLE_OBJC_WEAK = YES;
				CLANG_WARN_BLOCK_CAPTURE_AUTORELEASING = YES;
				CLANG_WARN_BOOL_CONVERSION = YES;
				CLANG_WARN_COMMA = YES;
				CLANG_WARN_CONSTANT_CONVERSION = YES;
				CLANG_WARN_DEPRECATED_OBJC_IMPLEMENTATIONS = YES;
				CLANG_WARN_DIRECT_OBJC_ISA_USAGE = YES_ERROR;
				CLANG_WARN_DOCUMENTATION_COMMENTS = YES;
				CLANG_WARN_EMPTY_BODY = YES;
				CLANG_WARN_ENUM_CONVERSION = YES;
				CLANG_WARN_INFINITE_RECURSION = YES;
				CLANG_WARN_INT_CONVERSION = YES;
				CLANG_WARN_NON_LITERAL_NULL_CONVERSION = YES;
				CLANG_WARN_OBJC_IMPLICIT_RETAIN_SELF = YES;
				CLANG_WARN_OBJC_LITERAL_CONVERSION = YES;
				CLANG_WARN_OBJC_ROOT_CLASS = YES_ERROR;
				CLANG_WARN_QUOTED_INCLUDE_IN_FRAMEWORK_HEADER = YES;
				CLANG_WARN_RANGE_LOOP_ANALYSIS = YES;
				CLANG_WARN_STRICT_PROTOTYPES = YES;
				CLANG_WARN_SUSPICIOUS_MOVE = YES;
				CLANG_WARN_UNGUARDED_AVAILABILITY = YES_AGGRESSIVE;
				CLANG_WARN_UNREACHABLE_CODE = YES;
				CLANG_WARN__DUPLICATE_METHOD_MATCH = YES;
				COPY_PHASE_STRIP = NO;
				DEBUG_INFORMATION_FORMAT = "dwarf-with-dsym";
				ENABLE_NS_ASSERTIONS = NO;
				ENABLE_STRICT_OBJC_MSGSEND = YES;
				GCC_C_LANGUAGE_STANDARD = gnu11;
				GCC_NO_COMMON_BLOCKS = YES;
				GCC_WARN_64_TO_32_BIT_CONVERSION = YES;
				GCC_WARN_ABOUT_RETURN_TYPE = YES_ERROR;
				GCC_WARN_UNDECLARED_SELECTOR = YES;
				GCC_WARN_UNINITIALIZED_AUTOS = YES_AGGRESSIVE;
				GCC_WARN_UNUSED_FUNCTION = YES;
				GCC_WARN_UNUSED_VARIABLE = YES;
				IPHONEOS_DEPLOYMENT_TARGET = 16.4;
				MTL_ENABLE_DEBUG_INFO = NO;
				MTL_FAST_MATH = YES;
				SDKROOT = iphoneos;
				SWIFT_COMPILATION_MODE = wholemodule;
				SWIFT_OPTIMIZATION_LEVEL = "-O";
				VALIDATE_PRODUCT = YES;
			};
			name = Release;
		};
		57D21BAD2A037D1100041D2E /* Debug */ = {
			isa = XCBuildConfiguration;
			buildSettings = {
				ASSETCATALOG_COMPILER_APPICON_NAME = AppIcon;
				ASSETCATALOG_COMPILER_GLOBAL_ACCENT_COLOR_NAME = AccentColor;
				CODE_SIGN_STYLE = Automatic;
				CURRENT_PROJECT_VERSION = 1;
				DEVELOPMENT_ASSET_PATHS = "\"arTest/Preview Content\"";
				DEVELOPMENT_TEAM = 82VAB3XBCP;
				ENABLE_PREVIEWS = YES;
				GENERATE_INFOPLIST_FILE = YES;
				INFOPLIST_FILE = arTest/Info.plist;
				INFOPLIST_KEY_NSCameraUsageDescription = "";
				INFOPLIST_KEY_NSLocationWhenInUseUsageDescription = aaa;
				INFOPLIST_KEY_UIApplicationSupportsIndirectInputEvents = YES;
				INFOPLIST_KEY_UILaunchScreen_Generation = YES;
				INFOPLIST_KEY_UIRequiredDeviceCapabilities = arkit;
				INFOPLIST_KEY_UIStatusBarHidden = YES;
				INFOPLIST_KEY_UISupportedInterfaceOrientations_iPad = "UIInterfaceOrientationPortrait UIInterfaceOrientationPortraitUpsideDown UIInterfaceOrientationLandscapeLeft UIInterfaceOrientationLandscapeRight";
				INFOPLIST_KEY_UISupportedInterfaceOrientations_iPhone = "UIInterfaceOrientationPortrait UIInterfaceOrientationLandscapeLeft UIInterfaceOrientationLandscapeRight";
				LD_RUNPATH_SEARCH_PATHS = (
					"$(inherited)",
					"@executable_path/Frameworks",
				);
				MARKETING_VERSION = 1.0;
				PRODUCT_BUNDLE_IDENTIFIER = com.bada.arTest;
				PRODUCT_NAME = "$(TARGET_NAME)";
				SWIFT_EMIT_LOC_STRINGS = YES;
				SWIFT_VERSION = 5.0;
				TARGETED_DEVICE_FAMILY = "1,2";
			};
			name = Debug;
		};
		57D21BAE2A037D1100041D2E /* Release */ = {
			isa = XCBuildConfiguration;
			buildSettings = {
				ASSETCATALOG_COMPILER_APPICON_NAME = AppIcon;
				ASSETCATALOG_COMPILER_GLOBAL_ACCENT_COLOR_NAME = AccentColor;
				CODE_SIGN_STYLE = Automatic;
				CURRENT_PROJECT_VERSION = 1;
				DEVELOPMENT_ASSET_PATHS = "\"arTest/Preview Content\"";
				DEVELOPMENT_TEAM = 82VAB3XBCP;
				ENABLE_PREVIEWS = YES;
				GENERATE_INFOPLIST_FILE = YES;
				INFOPLIST_FILE = arTest/Info.plist;
				INFOPLIST_KEY_NSCameraUsageDescription = "";
				INFOPLIST_KEY_NSLocationWhenInUseUsageDescription = aaa;
				INFOPLIST_KEY_UIApplicationSupportsIndirectInputEvents = YES;
				INFOPLIST_KEY_UILaunchScreen_Generation = YES;
				INFOPLIST_KEY_UIRequiredDeviceCapabilities = arkit;
				INFOPLIST_KEY_UIStatusBarHidden = YES;
				INFOPLIST_KEY_UISupportedInterfaceOrientations_iPad = "UIInterfaceOrientationPortrait UIInterfaceOrientationPortraitUpsideDown UIInterfaceOrientationLandscapeLeft UIInterfaceOrientationLandscapeRight";
				INFOPLIST_KEY_UISupportedInterfaceOrientations_iPhone = "UIInterfaceOrientationPortrait UIInterfaceOrientationLandscapeLeft UIInterfaceOrientationLandscapeRight";
				LD_RUNPATH_SEARCH_PATHS = (
					"$(inherited)",
					"@executable_path/Frameworks",
				);
				MARKETING_VERSION = 1.0;
				PRODUCT_BUNDLE_IDENTIFIER = com.bada.arTest;
				PRODUCT_NAME = "$(TARGET_NAME)";
				SWIFT_EMIT_LOC_STRINGS = YES;
				SWIFT_VERSION = 5.0;
				TARGETED_DEVICE_FAMILY = "1,2";
			};
			name = Release;
		};
/* End XCBuildConfiguration section */

/* Begin XCConfigurationList section */
		57D21B972A037D0E00041D2E /* Build configuration list for PBXProject "arTest" */ = {
			isa = XCConfigurationList;
			buildConfigurations = (
				57D21BAA2A037D1100041D2E /* Debug */,
				57D21BAB2A037D1100041D2E /* Release */,
			);
			defaultConfigurationIsVisible = 0;
			defaultConfigurationName = Release;
		};
		57D21BAC2A037D1100041D2E /* Build configuration list for PBXNativeTarget "arTest" */ = {
			isa = XCConfigurationList;
			buildConfigurations = (
				57D21BAD2A037D1100041D2E /* Debug */,
				57D21BAE2A037D1100041D2E /* Release */,
			);
			defaultConfigurationIsVisible = 0;
			defaultConfigurationName = Release;
		};
/* End XCConfigurationList section */
	};
	rootObject = 57D21B942A037D0E00041D2E /* Project object */;
}
